# This file is automatically @generated by Wally.
# It is not intended for manual editing.
registry = "test"

[[package]]
name = "evaera/promise"
version = "4.0.0"
dependencies = []

[[package]]
name = "littensy/ripple"
version = "0.9.3"
dependencies = [["Promise", "evaera/promise@4.0.0"]]

[[package]]
name = "lucasmzreal/fastsignal"
version = "10.4.0"
dependencies = []

[[package]]
name = "reselim/flipper"
version = "2.0.0"
dependencies = []

[[package]]
name = "soluna-development/library"
version = "1.0.0"
dependencies = [["Flipper", "reselim/flipper@2.0.0"], ["Ripple", "littensy/ripple@0.9.3"], ["Signal", "lucasmzreal/fastsignal@10.4.0"]]
